
Microsoft Visual Studio Solution File, Format Version 12.00
# Visual Studio Version 17
VisualStudioVersion = 17.3.32804.467
MinimumVisualStudioVersion = 10.0.40219.1
Project("{FAE04EC0-301F-11D3-BF4B-00C04F79EFBC}") = "MvcCv", "MvcCv\MvcCv.csproj", "{660719B3-E2DC-4C3D-A3F2-F75E8FC5DF55}"
EndProject
Global
	GlobalSection(SolutionConfigurationPlatforms) = preSolution
		Debug|Any CPU = Debug|Any CPU
		Release|Any CPU = Release|Any CPU
	EndGlobalSection
	GlobalSection(ProjectConfigurationPlatforms) = postSolution
		{660719B3-E2DC-4C3D-A3F2-F75E8FC5DF55}.Debug|Any CPU.ActiveCfg = Debug|Any CPU
		{660719B3-E2DC-4C3D-A3F2-F75E8FC5DF55}.Debug|Any CPU.Build.0 = Debug|Any CPU
		{660719B3-E2DC-4C3D-A3F2-F75E8FC5DF55}.Release|Any CPU.ActiveCfg = Release|Any CPU
		{660719B3-E2DC-4C3D-A3F2-F75E8FC5DF55}.Release|Any CPU.Build.0 = Release|Any CPU
	EndGlobalSection
	GlobalSection(SolutionProperties) = preSolution
		HideSolutionNode = FALSE
	EndGlobalSection
	GlobalSection(ExtensibilityGlobals) = postSolution
		SolutionGuid = {E123C6B9-FD7C-4F82-AAAE-3008F1059A43}
	EndGlobalSection
EndGlobal
